
Microsoft Visual Studio Solution File, Format Version 12.00
# Visual Studio 14
VisualStudioVersion = 14.0.24720.0
MinimumVisualStudioVersion = 10.0.40219.1
Project("{FAE04EC0-301F-11D3-BF4B-00C04F79EFBC}") = "MappingGenerator", "MappingGenerator\MappingGenerator.csproj", "{87D6AB79-0A21-47C2-A127-C3E560CB03CD}"
EndProject
Project("{FAE04EC0-301F-11D3-BF4B-00C04F79EFBC}") = "MappingGenerator.Tests", "MappingGenerator.Tests\MappingGenerator.Tests.csproj", "{9095C3CA-4DCA-4EDA-A97F-11CC038EE88D}"
EndProject
Global
	GlobalSection(SolutionConfigurationPlatforms) = preSolution
		Debug|Any CPU = Debug|Any CPU
		Release|Any CPU = Release|Any CPU
	EndGlobalSection
	GlobalSection(ProjectConfigurationPlatforms) = postSolution
		{87D6AB79-0A21-47C2-A127-C3E560CB03CD}.Debug|Any CPU.ActiveCfg = Debug|Any CPU
		{87D6AB79-0A21-47C2-A127-C3E560CB03CD}.Debug|Any CPU.Build.0 = Debug|Any CPU
		{87D6AB79-0A21-47C2-A127-C3E560CB03CD}.Release|Any CPU.ActiveCfg = Release|Any CPU
		{87D6AB79-0A21-47C2-A127-C3E560CB03CD}.Release|Any CPU.Build.0 = Release|Any CPU
		{9095C3CA-4DCA-4EDA-A97F-11CC038EE88D}.Debug|Any CPU.ActiveCfg = Debug|Any CPU
		{9095C3CA-4DCA-4EDA-A97F-11CC038EE88D}.Debug|Any CPU.Build.0 = Debug|Any CPU
		{9095C3CA-4DCA-4EDA-A97F-11CC038EE88D}.Release|Any CPU.ActiveCfg = Release|Any CPU
		{9095C3CA-4DCA-4EDA-A97F-11CC038EE88D}.Release|Any CPU.Build.0 = Release|Any CPU
	EndGlobalSection
	GlobalSection(SolutionProperties) = preSolution
		HideSolutionNode = FALSE
	EndGlobalSection
EndGlobal
